// !$*UTF8*$!
{
	archiveVersion = 1;
	classes = {
	};
	objectVersion = 46;
	objects = {

/* Begin PBXBuildFile section */
		085159671E1D410C00758684 /* AppDelegate.swift in Sources */ = {isa = PBXBuildFile; fileRef = 085159661E1D410C00758684 /* AppDelegate.swift */; };
		085159691E1D410C00758684 /* ViewController.swift in Sources */ = {isa = PBXBuildFile; fileRef = 085159681E1D410C00758684 /* ViewController.swift */; };
		0851596C1E1D410C00758684 /* Main.storyboard in Resources */ = {isa = PBXBuildFile; fileRef = 0851596A1E1D410C00758684 /* Main.storyboard */; };
		0851596E1E1D410C00758684 /* Assets.xcassets in Resources */ = {isa = PBXBuildFile; fileRef = 0851596D1E1D410C00758684 /* Assets.xcassets */; };
		085159711E1D410C00758684 /* LaunchScreen.storyboard in Resources */ = {isa = PBXBuildFile; fileRef = 0851596F1E1D410C00758684 /* LaunchScreen.storyboard */; };
/* End PBXBuildFile section */

/* Begin PBXFileReference section */
		085159631E1D410C00758684 /* Miracle Pill.app */ = {isa = PBXFileReference; explicitFileType = wrapper.application; includeInIndex = 0; path = "Miracle Pill.app"; sourceTree = BUILT_PRODUCTS_DIR; };
		085159661E1D410C00758684 /* AppDelegate.swift */ = {isa = PBXFileReference; lastKnownFileType = sourcecode.swift; path = AppDelegate.swift; sourceTree = "<group>"; };
		085159681E1D410C00758684 /* ViewController.swift */ = {isa = PBXFileReference; lastKnownFileType = sourcecode.swift; path = ViewController.swift; sourceTree = "<group>"; };
		0851596B1E1D410C00758684 /* Base */ = {isa = PBXFileReference; lastKnownFileType = file.storyboard; name = Base; path = Base.lproj/Main.storyboard; sourceTree = "<group>"; };
		0851596D1E1D410C00758684 /* Assets.xcassets */ = {isa = PBXFileReference; lastKnownFileType = folder.assetcatalog; path = Assets.xcassets; sourceTree = "<group>"; };
		085159701E1D410C00758684 /* Base */ = {isa = PBXFileReference; lastKnownFileType = file.storyboard; name = Base; path = Base.lproj/LaunchScreen.storyboard; sourceTree = "<group>"; };
		085159721E1D410C00758684 /* Info.plist */ = {isa = PBXFileReference; lastKnownFileType = text.plist.xml; path = Info.plist; sourceTree = "<group>"; };
/* End PBXFileReference section */

/* Begin PBXFrameworksBuildPhase section */
		085159601E1D410B00758684 /* Frameworks */ = {
			isa = PBXFrameworksBuildPhase;
			buildActionMask = 2147483647;
			files = (
			);
			runOnlyForDeploymentPostprocessing = 0;
		};
/* End PBXFrameworksBuildPhase section */

/* Begin PBXGroup section */
		0851595A1E1D410B00758684 = {
			isa = PBXGroup;
			children = (
				085159651E1D410C00758684 /* Miracle Pill */,
				085159641E1D410C00758684 /* Products */,
			);
			sourceTree = "<group>";
		};
		085159641E1D410C00758684 /* Products */ = {
			isa = PBXGroup;
			children = (
				085159631E1D410C00758684 /* Miracle Pill.app */,
			);
			name = Products;
			sourceTree = "<group>";
		};
		085159651E1D410C00758684 /* Miracle Pill */ = {
			isa = PBXGroup;
			children = (
				085159661E1D410C00758684 /* AppDelegate.swift */,
				085159681E1D410C00758684 /* ViewController.swift */,
				0851596A1E1D410C00758684 /* Main.storyboard */,
				0851596D1E1D410C00758684 /* Assets.xcassets */,
				0851596F1E1D410C00758684 /* LaunchScreen.storyboard */,
				085159721E1D410C00758684 /* Info.plist */,
			);
			path = "Miracle Pill";
			sourceTree = "<group>";
		};
/* End PBXGroup section */

/* Begin PBXNativeTarget section */
		085159621E1D410B00758684 /* Miracle Pill */ = {
			isa = PBXNativeTarget;
			buildConfigurationList = 085159751E1D410C00758684 /* Build configuration list for PBXNativeTarget "Miracle Pill" */;
			buildPhases = (
				0851595F1E1D410B00758684 /* Sources */,
				085159601E1D410B00758684 /* Frameworks */,
				085159611E1D410B00758684 /* Resources */,
			);
			buildRules = (
			);
			dependencies = (
			);
			name = "Miracle Pill";
			productName = "Miracle Pill";
			productReference = 085159631E1D410C00758684 /* Miracle Pill.app */;
			productType = "com.apple.product-type.application";
		};
/* End PBXNativeTarget section */

/* Begin PBXProject section */
		0851595B1E1D410B00758684 /* Project object */ = {
			isa = PBXProject;
			attributes = {
				LastSwiftUpdateCheck = 0820;
				LastUpgradeCheck = 0820;
				ORGANIZATIONNAME = "Krystian Kopeć";
				TargetAttributes = {
					085159621E1D410B00758684 = {
						CreatedOnToolsVersion = 8.2.1;
						DevelopmentTeam = 67E3P37QJL;
						ProvisioningStyle = Automatic;
					};
				};
			};
			buildConfigurationList = 0851595E1E1D410B00758684 /* Build configuration list for PBXProject "Miracle Pill" */;
			compatibilityVersion = "Xcode 3.2";
			developmentRegion = English;
			hasScannedForEncodings = 0;
			knownRegions = (
				en,
				Base,
			);
			mainGroup = 0851595A1E1D410B00758684;
			productRefGroup = 085159641E1D410C00758684 /* Products */;
			projectDirPath = "";
			projectRoot = "";
			targets = (
				085159621E1D410B00758684 /* Miracle Pill */,
			);
		};
/* End PBXProject section */

/* Begin PBXResourcesBuildPhase section */
		085159611E1D410B00758684 /* Resources */ = {
			isa = PBXResourcesBuildPhase;
			buildActionMask = 2147483647;
			files = (
				085159711E1D410C00758684 /* LaunchScreen.storyboard in Resources */,
				0851596E1E1D410C00758684 /* Assets.xcassets in Resources */,
				0851596C1E1D410C00758684 /* Main.storyboard in Resources */,
			);
			runOnlyForDeploymentPostprocessing = 0;
		};
/* End PBXResourcesBuildPhase section */

/* Begin PBXSourcesBuildPhase section */
		0851595F1E1D410B00758684 /* Sources */ = {
			isa = PBXSourcesBuildPhase;
			buildActionMask = 2147483647;
			files = (
				085159691E1D410C00758684 /* ViewController.swift in Sources */,
				085159671E1D410C00758684 /* AppDelegate.swift in Sources */,
			);
			runOnlyForDeploymentPostprocessing = 0;
		};
/* End PBXSourcesBuildPhase section */

/* Begin PBXVariantGroup section */
		0851596A1E1D410C00758684 /* Main.storyboard */ = {
			isa = PBXVariantGroup;
			children = (
				0851596B1E1D410C00758684 /* Base */,
			);
			name = Main.storyboard;
			sourceTree = "<group>";
		};
		0851596F1E1D410C00758684 /* LaunchScreen.storyboard */ = {
			isa = PBXVariantGroup;
			children = (
				085159701E1D410C00758684 /* Base */,
			);
			name = LaunchScreen.storyboard;
			sourceTree = "<group>";
		};
/* End PBXVariantGroup section */

/* Begin XCBuildConfiguration section */
		085159731E1D410C00758684 /* Debug */ = {
			isa = XCBuildConfiguration;
			buildSettings = {
				ALWAYS_SEARCH_USER_PATHS = NO;
				CLANG_ANALYZER_NONNULL = YES;
				CLANG_CXX_LANGUAGE_STANDARD = "gnu++0x";
				CLANG_CXX_LIBRARY = "libc++";
				CLANG_ENABLE_MODULES = YES;
				CLANG_ENABLE_OBJC_ARC = YES;
				CLANG_WARN_BOOL_CONVERSION = YES;
				CLANG_WARN_CONSTANT_CONVERSION = YES;
				CLANG_WARN_DIRECT_OBJC_ISA_USAGE = YES_ERROR;
				CLANG_WARN_DOCUMENTATION_COMMENTS = YES;
				CLANG_WARN_EMPTY_BODY = YES;
				CLANG_WARN_ENUM_CONVERSION = YES;
				CLANG_WARN_INFINITE_RECURSION = YES;
				CLANG_WARN_INT_CONVERSION = YES;
				CLANG_WARN_OBJC_ROOT_CLASS = YES_ERROR;
				CLANG_WARN_SUSPICIOUS_MOVE = YES;
				CLANG_WARN_UNREACHABLE_CODE = YES;
				CLANG_WARN__DUPLICATE_METHOD_MATCH = YES;
				"CODE_SIGN_IDENTITY[sdk=iphoneos*]" = "iPhone Developer";
				COPY_PHASE_STRIP = NO;
				DEBUG_INFORMATION_FORMAT = dwarf;
				ENABLE_STRICT_OBJC_MSGSEND = YES;
				ENABLE_TESTABILITY = YES;
				GCC_C_LANGUAGE_STANDARD = gnu99;
				GCC_DYNAMIC_NO_PIC = NO;
				GCC_NO_COMMON_BLOCKS = YES;
				GCC_OPTIMIZATION_LEVEL = 0;
				GCC_PREPROCESSOR_DEFINITIONS = (
					"DEBUG=1",
					"$(inherited)",
				);
				GCC_WARN_64_TO_32_BIT_CONVERSION = YES;
				GCC_WARN_ABOUT_RETURN_TYPE = YES_ERROR;
				GCC_WARN_UNDECLARED_SELECTOR = YES;
				GCC_WARN_UNINITIALIZED_AUTOS = YES_AGGRESSIVE;
				GCC_WARN_UNUSED_FUNCTION = YES;
				GCC_WARN_UNUSED_VARIABLE = YES;
				IPHONEOS_DEPLOYMENT_TARGET = 10.2;
				MTL_ENABLE_DEBUG_INFO = YES;
				ONLY_ACTIVE_ARCH = YES;
				SDKROOT = iphoneos;
				SWIFT_ACTIVE_COMPILATION_CONDITIONS = DEBUG;
				SWIFT_OPTIMIZATION_LEVEL = "-Onone";
				TARGETED_DEVICE_FAMILY = "1,2";
			};
			name = Debug;
		};
		085159741E1D410C00758684 /* Release */ = {
			isa = XCBuildConfiguration;
			buildSettings = {
				ALWAYS_SEARCH_USER_PATHS = NO;
				CLANG_ANALYZER_NONNULL = YES;
				CLANG_CXX_LANGUAGE_STANDARD = "gnu++0x";
				CLANG_CXX_LIBRARY = "libc++";
				CLANG_ENABLE_MODULES = YES;
				CLANG_ENABLE_OBJC_ARC = YES;
				CLANG_WARN_BOOL_CONVERSION = YES;
				CLANG_WARN_CONSTANT_CONVERSION = YES;
				CLANG_WARN_DIRECT_OBJC_ISA_USAGE = YES_ERROR;
				CLANG_WARN_DOCUMENTATION_COMMENTS = YES;
				CLANG_WARN_EMPTY_BODY = YES;
				CLANG_WARN_ENUM_CONVERSION = YES;
				CLANG_WARN_INFINITE_RECURSION = YES;
				CLANG_WARN_INT_CONVERSION = YES;
				CLANG_WARN_OBJC_ROOT_CLASS = YES_ERROR;
				CLANG_WARN_SUSPICIOUS_MOVE = YES;
				CLANG_WARN_UNREACHABLE_CODE = YES;
				CLANG_WARN__DUPLICATE_METHOD_MATCH = YES;
				"CODE_SIGN_IDENTITY[sdk=iphoneos*]" = "iPhone Developer";
				COPY_PHASE_STRIP = NO;
				DEBUG_INFORMATION_FORMAT = "dwarf-with-dsym";
				ENABLE_NS_ASSERTIONS = NO;
				ENABLE_STRICT_OBJC_MSGSEND = YES;
				GCC_C_LANGUAGE_STANDARD = gnu99;
				GCC_NO_COMMON_BLOCKS = YES;
				GCC_WARN_64_TO_32_BIT_CONVERSION = YES;
				GCC_WARN_ABOUT_RETURN_TYPE = YES_ERROR;
				GCC_WARN_UNDECLARED_SELECTOR = YES;
				GCC_WARN_UNINITIALIZED_AUTOS = YES_AGGRESSIVE;
				GCC_WARN_UNUSED_FUNCTION = YES;
				GCC_WARN_UNUSED_VARIABLE = YES;
				IPHONEOS_DEPLOYMENT_TARGET = 10.2;
				MTL_ENABLE_DEBUG_INFO = NO;
				SDKROOT = iphoneos;
				SWIFT_OPTIMIZATION_LEVEL = "-Owholemodule";
				TARGETED_DEVICE_FAMILY = "1,2";
				VALIDATE_PRODUCT = YES;
			};
			name = Release;
		};
		085159761E1D410C00758684 /* Debug */ = {
			isa = XCBuildConfiguration;
			buildSettings = {
				ASSETCATALOG_COMPILER_APPICON_NAME = AppIcon;
				DEVELOPMENT_TEAM = 67E3P37QJL;
				INFOPLIST_FILE = "Miracle Pill/Info.plist";
				LD_RUNPATH_SEARCH_PATHS = "$(inherited) @executable_path/Frameworks";
				PRODUCT_BUNDLE_IDENTIFIER = "kr.kopec-me.com.Miracle-Pill";
				PRODUCT_NAME = "$(TARGET_NAME)";
				SWIFT_VERSION = 3.0;
			};
			name = Debug;
		};
		085159771E1D410C00758684 /* Release */ = {
			isa = XCBuildConfiguration;
			buildSettings = {
				ASSETCATALOG_COMPILER_APPICON_NAME = AppIcon;
				DEVELOPMENT_TEAM = 67E3P37QJL;
				INFOPLIST_FILE = "Miracle Pill/Info.plist";
				LD_RUNPATH_SEARCH_PATHS = "$(inherited) @executable_path/Frameworks";
				PRODUCT_BUNDLE_IDENTIFIER = "kr.kopec-me.com.Miracle-Pill";
				PRODUCT_NAME = "$(TARGET_NAME)";
				SWIFT_VERSION = 3.0;
			};
			name = Release;
		};
/* End XCBuildConfiguration section */

/* Begin XCConfigurationList section */
		0851595E1E1D410B00758684 /* Build configuration list for PBXProject "Miracle Pill" */ = {
			isa = XCConfigurationList;
			buildConfigurations = (
				085159731E1D410C00758684 /* Debug */,
				085159741E1D410C00758684 /* Release */,
			);
			defaultConfigurationIsVisible = 0;
			defaultConfigurationName = Release;
		};
		085159751E1D410C00758684 /* Build configuration list for PBXNativeTarget "Miracle Pill" */ = {
			isa = XCConfigurationList;
			buildConfigurations = (
				085159761E1D410C00758684 /* Debug */,
				085159771E1D410C00758684 /* Release */,
			);
			defaultConfigurationIsVisible = 0;
		};
/* End XCConfigurationList section */
	};
	rootObject = 0851595B1E1D410B00758684 /* Project object */;
}
